// !$*UTF8*$!
{
	archiveVersion = 1;
	classes = {
	};
	objectVersion = 46;
	objects = {

/* Begin PBXBuildFile section */
		03EFE1A01CF4FFC300361997 /* Assets.xcassets in Resources */ = {isa = PBXBuildFile; fileRef = 03EFE1351CF4F54400361997 /* Assets.xcassets */; };
		03EFE1A11CF4FFC600361997 /* main.mm in Sources */ = {isa = PBXBuildFile; fileRef = 03EFE1381CF4F54400361997 /* main.mm */; };
/* End PBXBuildFile section */

/* Begin PBXFileReference section */
		03EFE1351CF4F54400361997 /* Assets.xcassets */ = {isa = PBXFileReference; lastKnownFileType = folder.assetcatalog; path = Assets.xcassets; sourceTree = "<group>"; };
		03EFE1361CF4F54400361997 /* ObjC++-Info.plist */ = {isa = PBXFileReference; lastKnownFileType = text.plist.xml; path = "ObjC++-Info.plist"; sourceTree = "<group>"; };
		03EFE1381CF4F54400361997 /* main.mm */ = {isa = PBXFileReference; lastKnownFileType = sourcecode.cpp.objcpp; path = main.mm; sourceTree = "<group>"; };
		03EFE1881CF4F85A00361997 /* ObjC++ Polygon.app */ = {isa = PBXFileReference; explicitFileType = wrapper.application; includeInIndex = 0; path = "ObjC++ Polygon.app"; sourceTree = BUILT_PRODUCTS_DIR; };
/* End PBXFileReference section */

/* Begin PBXFrameworksBuildPhase section */
		03EFE1851CF4F85A00361997 /* Frameworks */ = {
			isa = PBXFrameworksBuildPhase;
			buildActionMask = 2147483647;
			files = (
			);
			runOnlyForDeploymentPostprocessing = 0;
		};
/* End PBXFrameworksBuildPhase section */

/* Begin PBXGroup section */
		03EFE10B1CF4F3D900361997 = {
			isa = PBXGroup;
			children = (
				03EFE1891CF4F85A00361997 /* Products */,
				03EFE1341CF4F54400361997 /* Resources */,
				03EFE1371CF4F54400361997 /* Sources */,
			);
			sourceTree = "<group>";
		};
		03EFE1341CF4F54400361997 /* Resources */ = {
			isa = PBXGroup;
			children = (
				03EFE1351CF4F54400361997 /* Assets.xcassets */,
				03EFE1361CF4F54400361997 /* ObjC++-Info.plist */,
			);
			path = Resources;
			sourceTree = "<group>";
		};
		03EFE1371CF4F54400361997 /* Sources */ = {
			isa = PBXGroup;
			children = (
				03EFE1381CF4F54400361997 /* main.mm */,
			);
			path = Sources;
			sourceTree = "<group>";
		};
		03EFE1891CF4F85A00361997 /* Products */ = {
			isa = PBXGroup;
			children = (
				03EFE1881CF4F85A00361997 /* ObjC++ Polygon.app */,
			);
			name = Products;
			sourceTree = "<group>";
		};
/* End PBXGroup section */

/* Begin PBXNativeTarget section */
		03EFE1871CF4F85A00361997 /* ObjC++ */ = {
			isa = PBXNativeTarget;
			buildConfigurationList = 03EFE19F1CF4F85A00361997 /* Build configuration list for PBXNativeTarget "ObjC++" */;
			buildPhases = (
				03EFE1841CF4F85A00361997 /* Sources */,
				03EFE1851CF4F85A00361997 /* Frameworks */,
				03EFE1861CF4F85A00361997 /* Resources */,
			);
			buildRules = (
			);
			dependencies = (
			);
			name = "ObjC++";
			productName = "ObjC++";
			productReference = 03EFE1881CF4F85A00361997 /* ObjC++ Polygon.app */;
			productType = "com.apple.product-type.application";
		};
/* End PBXNativeTarget section */

/* Begin PBXProject section */
		03EFE10C1CF4F3D900361997 /* Project object */ = {
			isa = PBXProject;
			attributes = {
				LastUpgradeCheck = 0730;
				TargetAttributes = {
					03EFE1871CF4F85A00361997 = {
						CreatedOnToolsVersion = 7.3.1;
					};
				};
			};
			buildConfigurationList = 03EFE10F1CF4F3D900361997 /* Build configuration list for PBXProject "ObjC++" */;
			compatibilityVersion = "Xcode 3.2";
			developmentRegion = English;
			hasScannedForEncodings = 0;
			knownRegions = (
				en,
				Base,
			);
			mainGroup = 03EFE10B1CF4F3D900361997;
			productRefGroup = 03EFE1891CF4F85A00361997 /* Products */;
			projectDirPath = "";
			projectRoot = "";
			targets = (
				03EFE1871CF4F85A00361997 /* ObjC++ */,
			);
		};
/* End PBXProject section */

/* Begin PBXResourcesBuildPhase section */
		03EFE1861CF4F85A00361997 /* Resources */ = {
			isa = PBXResourcesBuildPhase;
			buildActionMask = 2147483647;
			files = (
				03EFE1A01CF4FFC300361997 /* Assets.xcassets in Resources */,
			);
			runOnlyForDeploymentPostprocessing = 0;
		};
/* End PBXResourcesBuildPhase section */

/* Begin PBXSourcesBuildPhase section */
		03EFE1841CF4F85A00361997 /* Sources */ = {
			isa = PBXSourcesBuildPhase;
			buildActionMask = 2147483647;
			files = (
				03EFE1A11CF4FFC600361997 /* main.mm in Sources */,
			);
			runOnlyForDeploymentPostprocessing = 0;
		};
/* End PBXSourcesBuildPhase section */

/* Begin XCBuildConfiguration section */
		03EFE1101CF4F3D900361997 /* Debug */ = {
			isa = XCBuildConfiguration;
			buildSettings = {
				CLANG_ENABLE_OBJC_ARC = YES;
			};
			name = Debug;
		};
		03EFE1111CF4F3D900361997 /* Release */ = {
			isa = XCBuildConfiguration;
			buildSettings = {
				CLANG_ENABLE_OBJC_ARC = YES;
			};
			name = Release;
		};
		03EFE19D1CF4F85A00361997 /* Debug */ = {
			isa = XCBuildConfiguration;
			buildSettings = {
				ALWAYS_SEARCH_USER_PATHS = NO;
				ASSETCATALOG_COMPILER_APPICON_NAME = AppIcon;
				ASSETCATALOG_COMPILER_LAUNCHIMAGE_NAME = LaunchImage;
				CLANG_ANALYZER_NONNULL = YES;
				CLANG_CXX_LANGUAGE_STANDARD = "gnu++0x";
				CLANG_CXX_LIBRARY = "libc++";
				CLANG_ENABLE_MODULES = YES;
				CLANG_ENABLE_OBJC_ARC = YES;
				CLANG_WARN_BOOL_CONVERSION = YES;
				CLANG_WARN_CONSTANT_CONVERSION = YES;
				CLANG_WARN_DIRECT_OBJC_ISA_USAGE = YES_ERROR;
				CLANG_WARN_EMPTY_BODY = YES;
				CLANG_WARN_ENUM_CONVERSION = YES;
				CLANG_WARN_INT_CONVERSION = YES;
				CLANG_WARN_OBJC_ROOT_CLASS = YES_ERROR;
				CLANG_WARN_UNREACHABLE_CODE = YES;
				CLANG_WARN__DUPLICATE_METHOD_MATCH = YES;
				"CODE_SIGN_IDENTITY[sdk=iphoneos*]" = "iPhone Developer";
				COPY_PHASE_STRIP = NO;
				DEBUG_INFORMATION_FORMAT = dwarf;
				ENABLE_STRICT_OBJC_MSGSEND = YES;
				ENABLE_TESTABILITY = YES;
				GCC_C_LANGUAGE_STANDARD = gnu99;
				GCC_DYNAMIC_NO_PIC = NO;
				GCC_NO_COMMON_BLOCKS = YES;
				GCC_OPTIMIZATION_LEVEL = 0;
				GCC_PREPROCESSOR_DEFINITIONS = (
					"DEBUG=1",
					"$(inherited)",
				);
				GCC_WARN_64_TO_32_BIT_CONVERSION = YES;
				GCC_WARN_ABOUT_RETURN_TYPE = YES_ERROR;
				GCC_WARN_UNDECLARED_SELECTOR = YES;
				GCC_WARN_UNINITIALIZED_AUTOS = YES_AGGRESSIVE;
				GCC_WARN_UNUSED_FUNCTION = YES;
				GCC_WARN_UNUSED_VARIABLE = YES;
				INFOPLIST_FILE = "$(SRCROOT)/Resources/$(TARGET_NAME)-Info.plist";
				IPHONEOS_DEPLOYMENT_TARGET = 9.3;
				LD_RUNPATH_SEARCH_PATHS = "$(inherited) @executable_path/Frameworks";
				MTL_ENABLE_DEBUG_INFO = YES;
				ONLY_ACTIVE_ARCH = YES;
				PRODUCT_BUNDLE_IDENTIFIER = "in.shoumikh.ObjC--";
				PRODUCT_NAME = "$(TARGET_NAME) Polygon";
				SDKROOT = iphoneos;
				TARGETED_DEVICE_FAMILY = "1,2";
			};
			name = Debug;
		};
		03EFE19E1CF4F85A00361997 /* Release */ = {
			isa = XCBuildConfiguration;
			buildSettings = {
				ALWAYS_SEARCH_USER_PATHS = NO;
				ASSETCATALOG_COMPILER_APPICON_NAME = AppIcon;
				ASSETCATALOG_COMPILER_LAUNCHIMAGE_NAME = LaunchImage;
				CLANG_ANALYZER_NONNULL = YES;
				CLANG_CXX_LANGUAGE_STANDARD = "gnu++0x";
				CLANG_CXX_LIBRARY = "libc++";
				CLANG_ENABLE_MODULES = YES;
				CLANG_ENABLE_OBJC_ARC = YES;
				CLANG_WARN_BOOL_CONVERSION = YES;
				CLANG_WARN_CONSTANT_CONVERSION = YES;
				CLANG_WARN_DIRECT_OBJC_ISA_USAGE = YES_ERROR;
				CLANG_WARN_EMPTY_BODY = YES;
				CLANG_WARN_ENUM_CONVERSION = YES;
				CLANG_WARN_INT_CONVERSION = YES;
				CLANG_WARN_OBJC_ROOT_CLASS = YES_ERROR;
				CLANG_WARN_UNREACHABLE_CODE = YES;
				CLANG_WARN__DUPLICATE_METHOD_MATCH = YES;
				"CODE_SIGN_IDENTITY[sdk=iphoneos*]" = "iPhone Developer";
				COPY_PHASE_STRIP = NO;
				DEBUG_INFORMATION_FORMAT = "dwarf-with-dsym";
				ENABLE_NS_ASSERTIONS = NO;
				ENABLE_STRICT_OBJC_MSGSEND = YES;
				GCC_C_LANGUAGE_STANDARD = gnu99;
				GCC_NO_COMMON_BLOCKS = YES;
				GCC_WARN_64_TO_32_BIT_CONVERSION = YES;
				GCC_WARN_ABOUT_RETURN_TYPE = YES_ERROR;
				GCC_WARN_UNDECLARED_SELECTOR = YES;
				GCC_WARN_UNINITIALIZED_AUTOS = YES_AGGRESSIVE;
				GCC_WARN_UNUSED_FUNCTION = YES;
				GCC_WARN_UNUSED_VARIABLE = YES;
				INFOPLIST_FILE = "$(SRCROOT)/Resources/$(TARGET_NAME)-Info.plist";
				IPHONEOS_DEPLOYMENT_TARGET = 9.3;
				LD_RUNPATH_SEARCH_PATHS = "$(inherited) @executable_path/Frameworks";
				MTL_ENABLE_DEBUG_INFO = NO;
				PRODUCT_BUNDLE_IDENTIFIER = "in.shoumikh.ObjC--";
				PRODUCT_NAME = "$(TARGET_NAME) Polygon";
				SDKROOT = iphoneos;
				TARGETED_DEVICE_FAMILY = "1,2";
				VALIDATE_PRODUCT = YES;
			};
			name = Release;
		};
/* End XCBuildConfiguration section */

/* Begin XCConfigurationList section */
		03EFE10F1CF4F3D900361997 /* Build configuration list for PBXProject "ObjC++" */ = {
			isa = XCConfigurationList;
			buildConfigurations = (
				03EFE1101CF4F3D900361997 /* Debug */,
				03EFE1111CF4F3D900361997 /* Release */,
			);
			defaultConfigurationIsVisible = 0;
			defaultConfigurationName = Release;
		};
		03EFE19F1CF4F85A00361997 /* Build configuration list for PBXNativeTarget "ObjC++" */ = {
			isa = XCConfigurationList;
			buildConfigurations = (
				03EFE19D1CF4F85A00361997 /* Debug */,
				03EFE19E1CF4F85A00361997 /* Release */,
			);
			defaultConfigurationIsVisible = 0;
			defaultConfigurationName = Release;
		};
/* End XCConfigurationList section */
	};
	rootObject = 03EFE10C1CF4F3D900361997 /* Project object */;
}
