// !$*UTF8*$!
{
	archiveVersion = 1;
	classes = {
	};
	objectVersion = 46;
	objects = {

/* Begin PBXBuildFile section */
		035AB5611D2FFC7F00788D34 /* InfoPlist.strings in Resources */ = {isa = PBXBuildFile; fileRef = 035AB55F1D2FFC7F00788D34 /* InfoPlist.strings */; };
		035AB56A1D2FFD0C00788D34 /* Localizable.strings in Resources */ = {isa = PBXBuildFile; fileRef = 035AB5681D2FFD0C00788D34 /* Localizable.strings */; };
		03EFE2401CF5084C00361997 /* Assets.xcassets in Resources */ = {isa = PBXBuildFile; fileRef = 03EFE23B1CF5084C00361997 /* Assets.xcassets */; };
		03EFE2421CF5084C00361997 /* AppDelegate.swift in Sources */ = {isa = PBXBuildFile; fileRef = 03EFE23E1CF5084C00361997 /* AppDelegate.swift */; };
		03EFE2431CF5084C00361997 /* ViewController.swift in Sources */ = {isa = PBXBuildFile; fileRef = 03EFE23F1CF5084C00361997 /* ViewController.swift */; };
/* End PBXBuildFile section */

/* Begin PBXFileReference section */
		035AB5601D2FFC7F00788D34 /* Base */ = {isa = PBXFileReference; lastKnownFileType = text.plist.strings; name = Base; path = Base.lproj/InfoPlist.strings; sourceTree = "<group>"; };
		035AB5691D2FFD0C00788D34 /* Base */ = {isa = PBXFileReference; lastKnownFileType = text.plist.strings; name = Base; path = Base.lproj/Localizable.strings; sourceTree = "<group>"; };
		03EFE2121CF505C500361997 /* iOSSwift Polygon.app */ = {isa = PBXFileReference; explicitFileType = wrapper.application; includeInIndex = 0; path = "iOSSwift Polygon.app"; sourceTree = BUILT_PRODUCTS_DIR; };
		03EFE23B1CF5084C00361997 /* Assets.xcassets */ = {isa = PBXFileReference; lastKnownFileType = folder.assetcatalog; path = Assets.xcassets; sourceTree = "<group>"; };
		03EFE23C1CF5084C00361997 /* iOSSwift-Info.plist */ = {isa = PBXFileReference; fileEncoding = 4; lastKnownFileType = text.plist.xml; path = "iOSSwift-Info.plist"; sourceTree = "<group>"; };
		03EFE23E1CF5084C00361997 /* AppDelegate.swift */ = {isa = PBXFileReference; fileEncoding = 4; lastKnownFileType = sourcecode.swift; path = AppDelegate.swift; sourceTree = "<group>"; };
		03EFE23F1CF5084C00361997 /* ViewController.swift */ = {isa = PBXFileReference; fileEncoding = 4; lastKnownFileType = sourcecode.swift; path = ViewController.swift; sourceTree = "<group>"; };
/* End PBXFileReference section */

/* Begin PBXFrameworksBuildPhase section */
		03EFE20F1CF505C500361997 /* Frameworks */ = {
			isa = PBXFrameworksBuildPhase;
			buildActionMask = 2147483647;
			files = (
			);
			runOnlyForDeploymentPostprocessing = 0;
		};
/* End PBXFrameworksBuildPhase section */

/* Begin PBXGroup section */
		03EFE2091CF505C500361997 = {
			isa = PBXGroup;
			children = (
				03EFE2131CF505C500361997 /* Products */,
				03EFE23A1CF5084C00361997 /* Resources */,
				03EFE23D1CF5084C00361997 /* Sources */,
			);
			sourceTree = "<group>";
		};
		03EFE2131CF505C500361997 /* Products */ = {
			isa = PBXGroup;
			children = (
				03EFE2121CF505C500361997 /* iOSSwift Polygon.app */,
			);
			name = Products;
			sourceTree = "<group>";
		};
		03EFE23A1CF5084C00361997 /* Resources */ = {
			isa = PBXGroup;
			children = (
				03EFE23C1CF5084C00361997 /* iOSSwift-Info.plist */,
				03EFE23B1CF5084C00361997 /* Assets.xcassets */,
				035AB55F1D2FFC7F00788D34 /* InfoPlist.strings */,
				035AB5681D2FFD0C00788D34 /* Localizable.strings */,
			);
			path = Resources;
			sourceTree = "<group>";
		};
		03EFE23D1CF5084C00361997 /* Sources */ = {
			isa = PBXGroup;
			children = (
				03EFE23E1CF5084C00361997 /* AppDelegate.swift */,
				03EFE23F1CF5084C00361997 /* ViewController.swift */,
			);
			path = Sources;
			sourceTree = "<group>";
		};
/* End PBXGroup section */

/* Begin PBXNativeTarget section */
		03EFE2111CF505C500361997 /* iOSSwift */ = {
			isa = PBXNativeTarget;
			buildConfigurationList = 03EFE2241CF505C500361997 /* Build configuration list for PBXNativeTarget "iOSSwift" */;
			buildPhases = (
				03EFE20E1CF505C500361997 /* Sources */,
				03EFE20F1CF505C500361997 /* Frameworks */,
				03EFE2101CF505C500361997 /* Resources */,
			);
			buildRules = (
			);
			dependencies = (
			);
			name = iOSSwift;
			productName = iOSSwift;
			productReference = 03EFE2121CF505C500361997 /* iOSSwift Polygon.app */;
			productType = "com.apple.product-type.application";
		};
/* End PBXNativeTarget section */

/* Begin PBXProject section */
		03EFE20A1CF505C500361997 /* Project object */ = {
			isa = PBXProject;
			attributes = {
				LastSwiftUpdateCheck = 0730;
				LastUpgradeCheck = 0820;
				TargetAttributes = {
					03EFE2111CF505C500361997 = {
						CreatedOnToolsVersion = 7.3.1;
					};
				};
			};
			buildConfigurationList = 03EFE20D1CF505C500361997 /* Build configuration list for PBXProject "iOSSwift" */;
			compatibilityVersion = "Xcode 3.2";
			developmentRegion = English;
			hasScannedForEncodings = 0;
			knownRegions = (
				en,
				Base,
			);
			mainGroup = 03EFE2091CF505C500361997;
			productRefGroup = 03EFE2131CF505C500361997 /* Products */;
			projectDirPath = "";
			projectRoot = "";
			targets = (
				03EFE2111CF505C500361997 /* iOSSwift */,
			);
		};
/* End PBXProject section */

/* Begin PBXResourcesBuildPhase section */
		03EFE2101CF505C500361997 /* Resources */ = {
			isa = PBXResourcesBuildPhase;
			buildActionMask = 2147483647;
			files = (
				03EFE2401CF5084C00361997 /* Assets.xcassets in Resources */,
				035AB56A1D2FFD0C00788D34 /* Localizable.strings in Resources */,
				035AB5611D2FFC7F00788D34 /* InfoPlist.strings in Resources */,
			);
			runOnlyForDeploymentPostprocessing = 0;
		};
/* End PBXResourcesBuildPhase section */

/* Begin PBXSourcesBuildPhase section */
		03EFE20E1CF505C500361997 /* Sources */ = {
			isa = PBXSourcesBuildPhase;
			buildActionMask = 2147483647;
			files = (
				03EFE2431CF5084C00361997 /* ViewController.swift in Sources */,
				03EFE2421CF5084C00361997 /* AppDelegate.swift in Sources */,
			);
			runOnlyForDeploymentPostprocessing = 0;
		};
/* End PBXSourcesBuildPhase section */

/* Begin PBXVariantGroup section */
		035AB55F1D2FFC7F00788D34 /* InfoPlist.strings */ = {
			isa = PBXVariantGroup;
			children = (
				035AB5601D2FFC7F00788D34 /* Base */,
			);
			name = InfoPlist.strings;
			sourceTree = "<group>";
		};
		035AB5681D2FFD0C00788D34 /* Localizable.strings */ = {
			isa = PBXVariantGroup;
			children = (
				035AB5691D2FFD0C00788D34 /* Base */,
			);
			name = Localizable.strings;
			sourceTree = "<group>";
		};
/* End PBXVariantGroup section */

/* Begin XCBuildConfiguration section */
		03EFE2221CF505C500361997 /* Debug */ = {
			isa = XCBuildConfiguration;
			buildSettings = {
				ALWAYS_SEARCH_USER_PATHS = NO;
				CLANG_ANALYZER_NONNULL = YES;
				CLANG_CXX_LANGUAGE_STANDARD = "gnu++0x";
				CLANG_CXX_LIBRARY = "libc++";
				CLANG_ENABLE_MODULES = YES;
				CLANG_ENABLE_OBJC_ARC = YES;
				CLANG_WARN_BOOL_CONVERSION = YES;
				CLANG_WARN_CONSTANT_CONVERSION = YES;
				CLANG_WARN_DIRECT_OBJC_ISA_USAGE = YES_ERROR;
				CLANG_WARN_EMPTY_BODY = YES;
				CLANG_WARN_ENUM_CONVERSION = YES;
				CLANG_WARN_INFINITE_RECURSION = YES;
				CLANG_WARN_INT_CONVERSION = YES;
				CLANG_WARN_OBJC_ROOT_CLASS = YES_ERROR;
				CLANG_WARN_SUSPICIOUS_MOVE = YES;
				CLANG_WARN_UNREACHABLE_CODE = YES;
				CLANG_WARN__DUPLICATE_METHOD_MATCH = YES;
				"CODE_SIGN_IDENTITY[sdk=iphoneos*]" = "iPhone Developer";
				COPY_PHASE_STRIP = NO;
				DEBUG_INFORMATION_FORMAT = dwarf;
				ENABLE_STRICT_OBJC_MSGSEND = YES;
				ENABLE_TESTABILITY = YES;
				GCC_C_LANGUAGE_STANDARD = gnu99;
				GCC_DYNAMIC_NO_PIC = NO;
				GCC_NO_COMMON_BLOCKS = YES;
				GCC_OPTIMIZATION_LEVEL = 0;
				GCC_PREPROCESSOR_DEFINITIONS = (
					DEBUG,
					"$(inherited)",
				);
				GCC_WARN_64_TO_32_BIT_CONVERSION = YES;
				GCC_WARN_ABOUT_RETURN_TYPE = YES_ERROR;
				GCC_WARN_UNDECLARED_SELECTOR = YES;
				GCC_WARN_UNINITIALIZED_AUTOS = YES_AGGRESSIVE;
				GCC_WARN_UNUSED_FUNCTION = YES;
				GCC_WARN_UNUSED_VARIABLE = YES;
				MTL_ENABLE_DEBUG_INFO = YES;
				ONLY_ACTIVE_ARCH = YES;
				OTHER_SWIFT_FLAGS = "-D DEBUG";
				SDKROOT = iphoneos;
				SWIFT_OPTIMIZATION_LEVEL = "-Onone";
				TARGETED_DEVICE_FAMILY = "1,2";
			};
			name = Debug;
		};
		03EFE2231CF505C500361997 /* Release */ = {
			isa = XCBuildConfiguration;
			buildSettings = {
				ALWAYS_SEARCH_USER_PATHS = NO;
				CLANG_ANALYZER_NONNULL = YES;
				CLANG_CXX_LANGUAGE_STANDARD = "gnu++0x";
				CLANG_CXX_LIBRARY = "libc++";
				CLANG_ENABLE_MODULES = YES;
				CLANG_ENABLE_OBJC_ARC = YES;
				CLANG_WARN_BOOL_CONVERSION = YES;
				CLANG_WARN_CONSTANT_CONVERSION = YES;
				CLANG_WARN_DIRECT_OBJC_ISA_USAGE = YES_ERROR;
				CLANG_WARN_EMPTY_BODY = YES;
				CLANG_WARN_ENUM_CONVERSION = YES;
				CLANG_WARN_INFINITE_RECURSION = YES;
				CLANG_WARN_INT_CONVERSION = YES;
				CLANG_WARN_OBJC_ROOT_CLASS = YES_ERROR;
				CLANG_WARN_SUSPICIOUS_MOVE = YES;
				CLANG_WARN_UNREACHABLE_CODE = YES;
				CLANG_WARN__DUPLICATE_METHOD_MATCH = YES;
				"CODE_SIGN_IDENTITY[sdk=iphoneos*]" = "iPhone Developer";
				COPY_PHASE_STRIP = NO;
				DEBUG_INFORMATION_FORMAT = "dwarf-with-dsym";
				ENABLE_NS_ASSERTIONS = NO;
				ENABLE_STRICT_OBJC_MSGSEND = YES;
				GCC_C_LANGUAGE_STANDARD = gnu99;
				GCC_NO_COMMON_BLOCKS = YES;
				GCC_WARN_64_TO_32_BIT_CONVERSION = YES;
				GCC_WARN_ABOUT_RETURN_TYPE = YES_ERROR;
				GCC_WARN_UNDECLARED_SELECTOR = YES;
				GCC_WARN_UNINITIALIZED_AUTOS = YES_AGGRESSIVE;
				GCC_WARN_UNUSED_FUNCTION = YES;
				GCC_WARN_UNUSED_VARIABLE = YES;
				MTL_ENABLE_DEBUG_INFO = NO;
				OTHER_SWIFT_FLAGS = "-D DEBUG";
				SDKROOT = iphoneos;
				SWIFT_OPTIMIZATION_LEVEL = "-Owholemodule";
				TARGETED_DEVICE_FAMILY = "1,2";
				VALIDATE_PRODUCT = YES;
			};
			name = Release;
		};
		03EFE2251CF505C500361997 /* Debug */ = {
			isa = XCBuildConfiguration;
			buildSettings = {
				ASSETCATALOG_COMPILER_APPICON_NAME = AppIcon;
				ASSETCATALOG_COMPILER_LAUNCHIMAGE_NAME = LaunchImage;
				CLANG_ENABLE_MODULES = YES;
				INFOPLIST_FILE = "$(SRCROOT)/Resources/$(TARGET_NAME)-Info.plist";
				LD_RUNPATH_SEARCH_PATHS = "$(inherited) @executable_path/Frameworks";
				OTHER_CPLUSPLUSFLAGS = "$(OTHER_CFLAGS)";
				PRODUCT_BUNDLE_IDENTIFIER = com.example.NSPolygon.iOSSwift;
				PRODUCT_NAME = "$(TARGET_NAME) Polygon";
				SWIFT_OPTIMIZATION_LEVEL = "-Onone";
				SWIFT_VERSION = 3.0;
			};
			name = Debug;
		};
		03EFE2261CF505C500361997 /* Release */ = {
			isa = XCBuildConfiguration;
			buildSettings = {
				ASSETCATALOG_COMPILER_APPICON_NAME = AppIcon;
				ASSETCATALOG_COMPILER_LAUNCHIMAGE_NAME = LaunchImage;
				CLANG_ENABLE_MODULES = YES;
				INFOPLIST_FILE = "$(SRCROOT)/Resources/$(TARGET_NAME)-Info.plist";
				LD_RUNPATH_SEARCH_PATHS = "$(inherited) @executable_path/Frameworks";
				OTHER_CPLUSPLUSFLAGS = "$(OTHER_CFLAGS)";
				PRODUCT_BUNDLE_IDENTIFIER = com.example.NSPolygon.iOSSwift;
				PRODUCT_NAME = "$(TARGET_NAME) Polygon";
				SWIFT_VERSION = 3.0;
			};
			name = Release;
		};
/* End XCBuildConfiguration section */

/* Begin XCConfigurationList section */
		03EFE20D1CF505C500361997 /* Build configuration list for PBXProject "iOSSwift" */ = {
			isa = XCConfigurationList;
			buildConfigurations = (
				03EFE2221CF505C500361997 /* Debug */,
				03EFE2231CF505C500361997 /* Release */,
			);
			defaultConfigurationIsVisible = 0;
			defaultConfigurationName = Release;
		};
		03EFE2241CF505C500361997 /* Build configuration list for PBXNativeTarget "iOSSwift" */ = {
			isa = XCConfigurationList;
			buildConfigurations = (
				03EFE2251CF505C500361997 /* Debug */,
				03EFE2261CF505C500361997 /* Release */,
			);
			defaultConfigurationIsVisible = 0;
			defaultConfigurationName = Release;
		};
/* End XCConfigurationList section */
	};
	rootObject = 03EFE20A1CF505C500361997 /* Project object */;
}
